<Solution>
  <Folder Name="/src/">
    <Project Path="src/Coin.API/Coin.API.csproj" />
    <Project Path="src/Coin.Application/Coin.Application.csproj" />
    <Project Path="src/Coin.Domain/Coin.Domain.csproj" />
    <Project Path="src/Coin.Infrastructure/Coin.Infrastructure.csproj" />
  </Folder>
  <Folder Name="/tests/">
    <Project Path="tests/Coin.Application.UnitTests/Coin.Application.UnitTests.csproj" />
    <Project Path="tests/Coin.Domain.UnitTests/Coin.Domain.UnitTests.csproj" />
    <Project Path="tests/Coin.IntegrationTests/Coin.IntegrationTests.csproj" />
  </Folder>
</Solution>
